
Microsoft Visual Studio Solution File, Format Version 12.00
# Visual Studio 15
VisualStudioVersion = 15.0.28307.168
MinimumVisualStudioVersion = 10.0.40219.1
Project("{FAE04EC0-301F-11D3-BF4B-00C04F79EFBC}") = "Proje", "Proje\Proje.csproj", "{00ED1FC7-44DB-4EE8-A0CE-6AA028EABC10}"
EndProject
Global
	GlobalSection(SolutionConfigurationPlatforms) = preSolution
		Debug|Any CPU = Debug|Any CPU
		Release|Any CPU = Release|Any CPU
	EndGlobalSection
	GlobalSection(ProjectConfigurationPlatforms) = postSolution
		{00ED1FC7-44DB-4EE8-A0CE-6AA028EABC10}.Debug|Any CPU.ActiveCfg = Debug|Any CPU
		{00ED1FC7-44DB-4EE8-A0CE-6AA028EABC10}.Debug|Any CPU.Build.0 = Debug|Any CPU
		{00ED1FC7-44DB-4EE8-A0CE-6AA028EABC10}.Release|Any CPU.ActiveCfg = Release|Any CPU
		{00ED1FC7-44DB-4EE8-A0CE-6AA028EABC10}.Release|Any CPU.Build.0 = Release|Any CPU
	EndGlobalSection
	GlobalSection(SolutionProperties) = preSolution
		HideSolutionNode = FALSE
	EndGlobalSection
	GlobalSection(ExtensibilityGlobals) = postSolution
		SolutionGuid = {96CBB776-8497-4420-98E9-17F05A4D31F4}
	EndGlobalSection
EndGlobal
